PODS:
  - flutter_tvos (1.0.0)

DEPENDENCIES:
  - flutter_tvos (from `/Users/sashadenisov/Work/fluttertv/packages/flutter_tvos/tvos`)

EXTERNAL SOURCES:
  flutter_tvos:
    :path: "/Users/sashadenisov/Work/fluttertv/packages/flutter_tvos/tvos"

SPEC CHECKSUMS:
  flutter_tvos: 4b0c46212b1244478f7cb923791faa9d87e37b37

PODFILE CHECKSUM: d6a38b20a8c4fec14bc904320a7f8abd2a116641

COCOAPODS: 1.16.2
